
Microsoft Visual Studio Solution File, Format Version 12.00
# Visual Studio Version 16
VisualStudioVersion = 16.0.30611.23
MinimumVisualStudioVersion = 10.0.40219.1
Project("{9A19103F-16F7-4668-BE54-9A1E7A4F7556}") = "Figures", "Task1\Figures.csproj", "{69EDC80E-E88B-4D45-A4C0-484CF48C6A9E}"
EndProject
Project("{9A19103F-16F7-4668-BE54-9A1E7A4F7556}") = "Test", "Test\Test.csproj", "{57CCFB33-7EB3-4BFA-8DC9-04FBF9731602}"
EndProject
Project("{FAE04EC0-301F-11D3-BF4B-00C04F79EFBC}") = "FiuresTest", "Tests\FiuresTest.csproj", "{94D9DD96-96B3-41DE-AFFF-B8C52CC1E815}"
EndProject
Global
	GlobalSection(SolutionConfigurationPlatforms) = preSolution
		Debug|Any CPU = Debug|Any CPU
		Release|Any CPU = Release|Any CPU
	EndGlobalSection
	GlobalSection(ProjectConfigurationPlatforms) = postSolution
		{69EDC80E-E88B-4D45-A4C0-484CF48C6A9E}.Debug|Any CPU.ActiveCfg = Debug|Any CPU
		{69EDC80E-E88B-4D45-A4C0-484CF48C6A9E}.Debug|Any CPU.Build.0 = Debug|Any CPU
		{69EDC80E-E88B-4D45-A4C0-484CF48C6A9E}.Release|Any CPU.ActiveCfg = Release|Any CPU
		{69EDC80E-E88B-4D45-A4C0-484CF48C6A9E}.Release|Any CPU.Build.0 = Release|Any CPU
		{57CCFB33-7EB3-4BFA-8DC9-04FBF9731602}.Debug|Any CPU.ActiveCfg = Debug|Any CPU
		{57CCFB33-7EB3-4BFA-8DC9-04FBF9731602}.Debug|Any CPU.Build.0 = Debug|Any CPU
		{57CCFB33-7EB3-4BFA-8DC9-04FBF9731602}.Release|Any CPU.ActiveCfg = Release|Any CPU
		{57CCFB33-7EB3-4BFA-8DC9-04FBF9731602}.Release|Any CPU.Build.0 = Release|Any CPU
		{94D9DD96-96B3-41DE-AFFF-B8C52CC1E815}.Debug|Any CPU.ActiveCfg = Debug|Any CPU
		{94D9DD96-96B3-41DE-AFFF-B8C52CC1E815}.Debug|Any CPU.Build.0 = Debug|Any CPU
		{94D9DD96-96B3-41DE-AFFF-B8C52CC1E815}.Release|Any CPU.ActiveCfg = Release|Any CPU
		{94D9DD96-96B3-41DE-AFFF-B8C52CC1E815}.Release|Any CPU.Build.0 = Release|Any CPU
	EndGlobalSection
	GlobalSection(SolutionProperties) = preSolution
		HideSolutionNode = FALSE
	EndGlobalSection
	GlobalSection(ExtensibilityGlobals) = postSolution
		SolutionGuid = {87393FBA-660D-40BD-957F-6A03D02C6DC1}
	EndGlobalSection
EndGlobal
